// !$*UTF8*$!
{
	archiveVersion = 1;
	classes = {
	};
	objectVersion = 51;
	objects = {

/* Begin PBXBuildFile section */
		2C16E7682C85C9369C903590 /* Pods_blyp.framework in Frameworks */ = {isa = PBXBuildFile; fileRef = C370876C77CF357C5C60A52C /* Pods_blyp.framework */; };
		A3DCEF6C470EE3742D3A4E68 /* Pods_blyp_blypUITests.framework in Frameworks */ = {isa = PBXBuildFile; fileRef = C41230C33B63CCD6F48AD468 /* Pods_blyp_blypUITests.framework */; };
		C07A2E782400AC85004BB749 /* GoogleService-Info.plist in Resources */ = {isa = PBXBuildFile; fileRef = C07A2E772400AC85004BB749 /* GoogleService-Info.plist */; };
		C07A2E792400AC85004BB749 /* GoogleService-Info.plist in Resources */ = {isa = PBXBuildFile; fileRef = C07A2E772400AC85004BB749 /* GoogleService-Info.plist */; };
		C07A2E7A2400AC85004BB749 /* GoogleService-Info.plist in Resources */ = {isa = PBXBuildFile; fileRef = C07A2E772400AC85004BB749 /* GoogleService-Info.plist */; };
		C07A2EC92400B2AC004BB749 /* Keychain.swift in Sources */ = {isa = PBXBuildFile; fileRef = C07A2EC52400B29D004BB749 /* Keychain.swift */; };
		C07A2ECA2400B2AC004BB749 /* Keychain.swift in Sources */ = {isa = PBXBuildFile; fileRef = C07A2EC52400B29D004BB749 /* Keychain.swift */; };
		C07A2ECB2400B2AC004BB749 /* Keychain.swift in Sources */ = {isa = PBXBuildFile; fileRef = C07A2EC52400B29D004BB749 /* Keychain.swift */; };
		C07A2ECC2400B2AC004BB749 /* UserData.swift in Sources */ = {isa = PBXBuildFile; fileRef = C07A2EC62400B2A2004BB749 /* UserData.swift */; };
		C07A2ECD2400B2AC004BB749 /* UserData.swift in Sources */ = {isa = PBXBuildFile; fileRef = C07A2EC62400B2A2004BB749 /* UserData.swift */; };
		C07A2ECE2400B2AC004BB749 /* UserData.swift in Sources */ = {isa = PBXBuildFile; fileRef = C07A2EC62400B2A2004BB749 /* UserData.swift */; };
		C07A2ECF2400B2AC004BB749 /* SharedWebCredential.swift in Sources */ = {isa = PBXBuildFile; fileRef = C07A2EC72400B2A7004BB749 /* SharedWebCredential.swift */; };
		C07A2ED02400B2AC004BB749 /* SharedWebCredential.swift in Sources */ = {isa = PBXBuildFile; fileRef = C07A2EC72400B2A7004BB749 /* SharedWebCredential.swift */; };
		C07A2ED12400B2AC004BB749 /* SharedWebCredential.swift in Sources */ = {isa = PBXBuildFile; fileRef = C07A2EC72400B2A7004BB749 /* SharedWebCredential.swift */; };
		C07A2ED22400B2AC004BB749 /* UserDataKeychain.swift in Sources */ = {isa = PBXBuildFile; fileRef = C07A2EC82400B2AC004BB749 /* UserDataKeychain.swift */; };
		C07A2ED32400B2AC004BB749 /* UserDataKeychain.swift in Sources */ = {isa = PBXBuildFile; fileRef = C07A2EC82400B2AC004BB749 /* UserDataKeychain.swift */; };
		C07A2ED42400B2AC004BB749 /* UserDataKeychain.swift in Sources */ = {isa = PBXBuildFile; fileRef = C07A2EC82400B2AC004BB749 /* UserDataKeychain.swift */; };
		C07A2ED62400B2B5004BB749 /* SignInWithAppleToFirebase.swift in Sources */ = {isa = PBXBuildFile; fileRef = C07A2ED52400B2B5004BB749 /* SignInWithAppleToFirebase.swift */; };
		C07A2ED72400B2B5004BB749 /* SignInWithAppleToFirebase.swift in Sources */ = {isa = PBXBuildFile; fileRef = C07A2ED52400B2B5004BB749 /* SignInWithAppleToFirebase.swift */; };
		C07A2ED82400B2B5004BB749 /* SignInWithAppleToFirebase.swift in Sources */ = {isa = PBXBuildFile; fileRef = C07A2ED52400B2B5004BB749 /* SignInWithAppleToFirebase.swift */; };
		C0FE9D8023E4F20F004C4621 /* AppDelegate.swift in Sources */ = {isa = PBXBuildFile; fileRef = C0FE9D7F23E4F20F004C4621 /* AppDelegate.swift */; };
		C0FE9D8223E4F20F004C4621 /* SceneDelegate.swift in Sources */ = {isa = PBXBuildFile; fileRef = C0FE9D8123E4F20F004C4621 /* SceneDelegate.swift */; };
		C0FE9D8423E4F20F004C4621 /* ContentView.swift in Sources */ = {isa = PBXBuildFile; fileRef = C0FE9D8323E4F20F004C4621 /* ContentView.swift */; };
		C0FE9D8623E4F213004C4621 /* Assets.xcassets in Resources */ = {isa = PBXBuildFile; fileRef = C0FE9D8523E4F213004C4621 /* Assets.xcassets */; };
		C0FE9D8923E4F213004C4621 /* Preview Assets.xcassets in Resources */ = {isa = PBXBuildFile; fileRef = C0FE9D8823E4F213004C4621 /* Preview Assets.xcassets */; };
		C0FE9D8C23E4F213004C4621 /* LaunchScreen.storyboard in Resources */ = {isa = PBXBuildFile; fileRef = C0FE9D8A23E4F213004C4621 /* LaunchScreen.storyboard */; };
		C0FE9D9723E4F213004C4621 /* blypTests.swift in Sources */ = {isa = PBXBuildFile; fileRef = C0FE9D9623E4F213004C4621 /* blypTests.swift */; };
		C0FE9DA223E4F213004C4621 /* blypUITests.swift in Sources */ = {isa = PBXBuildFile; fileRef = C0FE9DA123E4F213004C4621 /* blypUITests.swift */; };
		C3448368F4A1B16F7A5319A7 /* Pods_blypTests.framework in Frameworks */ = {isa = PBXBuildFile; fileRef = 4E1AC3866A4C591EA129B7E0 /* Pods_blypTests.framework */; };
/* End PBXBuildFile section */

/* Begin PBXContainerItemProxy section */
		C0FE9D9323E4F213004C4621 /* PBXContainerItemProxy */ = {
			isa = PBXContainerItemProxy;
			containerPortal = C0FE9D7423E4F20E004C4621 /* Project object */;
			proxyType = 1;
			remoteGlobalIDString = C0FE9D7B23E4F20E004C4621;
			remoteInfo = blyp;
		};
		C0FE9D9E23E4F213004C4621 /* PBXContainerItemProxy */ = {
			isa = PBXContainerItemProxy;
			containerPortal = C0FE9D7423E4F20E004C4621 /* Project object */;
			proxyType = 1;
			remoteGlobalIDString = C0FE9D7B23E4F20E004C4621;
			remoteInfo = blyp;
		};
/* End PBXContainerItemProxy section */

/* Begin PBXFileReference section */
		10FD1CD1C0CFAF9EB2F40B06 /* Pods-blyp.debug.xcconfig */ = {isa = PBXFileReference; includeInIndex = 1; lastKnownFileType = text.xcconfig; name = "Pods-blyp.debug.xcconfig"; path = "Target Support Files/Pods-blyp/Pods-blyp.debug.xcconfig"; sourceTree = "<group>"; };
		2075117933ECDF03E5CEEE1E /* Pods-blyp-blypUITests.release.xcconfig */ = {isa = PBXFileReference; includeInIndex = 1; lastKnownFileType = text.xcconfig; name = "Pods-blyp-blypUITests.release.xcconfig"; path = "Target Support Files/Pods-blyp-blypUITests/Pods-blyp-blypUITests.release.xcconfig"; sourceTree = "<group>"; };
		4A06EDD1D3171908202C1F5F /* Pods-blypTests.debug.xcconfig */ = {isa = PBXFileReference; includeInIndex = 1; lastKnownFileType = text.xcconfig; name = "Pods-blypTests.debug.xcconfig"; path = "Target Support Files/Pods-blypTests/Pods-blypTests.debug.xcconfig"; sourceTree = "<group>"; };
		4E1AC3866A4C591EA129B7E0 /* Pods_blypTests.framework */ = {isa = PBXFileReference; explicitFileType = wrapper.framework; includeInIndex = 0; path = Pods_blypTests.framework; sourceTree = BUILT_PRODUCTS_DIR; };
		6594297CD654DE929D10E0A3 /* Pods-blyp.release.xcconfig */ = {isa = PBXFileReference; includeInIndex = 1; lastKnownFileType = text.xcconfig; name = "Pods-blyp.release.xcconfig"; path = "Target Support Files/Pods-blyp/Pods-blyp.release.xcconfig"; sourceTree = "<group>"; };
		AEEA79E61E3E615398E53259 /* Pods-blyp-blypUITests.debug.xcconfig */ = {isa = PBXFileReference; includeInIndex = 1; lastKnownFileType = text.xcconfig; name = "Pods-blyp-blypUITests.debug.xcconfig"; path = "Target Support Files/Pods-blyp-blypUITests/Pods-blyp-blypUITests.debug.xcconfig"; sourceTree = "<group>"; };
		C07A2E772400AC85004BB749 /* GoogleService-Info.plist */ = {isa = PBXFileReference; fileEncoding = 4; lastKnownFileType = text.plist.xml; name = "GoogleService-Info.plist"; path = "../../../Downloads/GoogleService-Info.plist"; sourceTree = "<group>"; };
		C07A2EAC2400AE29004BB749 /* blyp.entitlements */ = {isa = PBXFileReference; lastKnownFileType = text.plist.entitlements; path = blyp.entitlements; sourceTree = "<group>"; };
		C07A2EC52400B29D004BB749 /* Keychain.swift */ = {isa = PBXFileReference; fileEncoding = 4; lastKnownFileType = sourcecode.swift; path = Keychain.swift; sourceTree = "<group>"; };
		C07A2EC62400B2A2004BB749 /* UserData.swift */ = {isa = PBXFileReference; fileEncoding = 4; lastKnownFileType = sourcecode.swift; path = UserData.swift; sourceTree = "<group>"; };
		C07A2EC72400B2A7004BB749 /* SharedWebCredential.swift */ = {isa = PBXFileReference; fileEncoding = 4; lastKnownFileType = sourcecode.swift; path = SharedWebCredential.swift; sourceTree = "<group>"; };
		C07A2EC82400B2AC004BB749 /* UserDataKeychain.swift */ = {isa = PBXFileReference; fileEncoding = 4; lastKnownFileType = sourcecode.swift; path = UserDataKeychain.swift; sourceTree = "<group>"; };
		C07A2ED52400B2B5004BB749 /* SignInWithAppleToFirebase.swift */ = {isa = PBXFileReference; fileEncoding = 4; lastKnownFileType = sourcecode.swift; path = SignInWithAppleToFirebase.swift; sourceTree = "<group>"; };
		C0FE9D7C23E4F20E004C4621 /* blyp.app */ = {isa = PBXFileReference; explicitFileType = wrapper.application; includeInIndex = 0; path = blyp.app; sourceTree = BUILT_PRODUCTS_DIR; };
		C0FE9D7F23E4F20F004C4621 /* AppDelegate.swift */ = {isa = PBXFileReference; lastKnownFileType = sourcecode.swift; path = AppDelegate.swift; sourceTree = "<group>"; };
		C0FE9D8123E4F20F004C4621 /* SceneDelegate.swift */ = {isa = PBXFileReference; lastKnownFileType = sourcecode.swift; path = SceneDelegate.swift; sourceTree = "<group>"; };
		C0FE9D8323E4F20F004C4621 /* ContentView.swift */ = {isa = PBXFileReference; lastKnownFileType = sourcecode.swift; path = ContentView.swift; sourceTree = "<group>"; };
		C0FE9D8523E4F213004C4621 /* Assets.xcassets */ = {isa = PBXFileReference; lastKnownFileType = folder.assetcatalog; path = Assets.xcassets; sourceTree = "<group>"; };
		C0FE9D8823E4F213004C4621 /* Preview Assets.xcassets */ = {isa = PBXFileReference; lastKnownFileType = folder.assetcatalog; path = "Preview Assets.xcassets"; sourceTree = "<group>"; };
		C0FE9D8B23E4F213004C4621 /* Base */ = {isa = PBXFileReference; lastKnownFileType = file.storyboard; name = Base; path = Base.lproj/LaunchScreen.storyboard; sourceTree = "<group>"; };
		C0FE9D8D23E4F213004C4621 /* Info.plist */ = {isa = PBXFileReference; lastKnownFileType = text.plist.xml; path = Info.plist; sourceTree = "<group>"; };
		C0FE9D9223E4F213004C4621 /* blypTests.xctest */ = {isa = PBXFileReference; explicitFileType = wrapper.cfbundle; includeInIndex = 0; path = blypTests.xctest; sourceTree = BUILT_PRODUCTS_DIR; };
		C0FE9D9623E4F213004C4621 /* blypTests.swift */ = {isa = PBXFileReference; lastKnownFileType = sourcecode.swift; path = blypTests.swift; sourceTree = "<group>"; };
		C0FE9D9823E4F213004C4621 /* Info.plist */ = {isa = PBXFileReference; lastKnownFileType = text.plist.xml; path = Info.plist; sourceTree = "<group>"; };
		C0FE9D9D23E4F213004C4621 /* blypUITests.xctest */ = {isa = PBXFileReference; explicitFileType = wrapper.cfbundle; includeInIndex = 0; path = blypUITests.xctest; sourceTree = BUILT_PRODUCTS_DIR; };
		C0FE9DA123E4F213004C4621 /* blypUITests.swift */ = {isa = PBXFileReference; lastKnownFileType = sourcecode.swift; path = blypUITests.swift; sourceTree = "<group>"; };
		C0FE9DA323E4F213004C4621 /* Info.plist */ = {isa = PBXFileReference; lastKnownFileType = text.plist.xml; path = Info.plist; sourceTree = "<group>"; };
		C370876C77CF357C5C60A52C /* Pods_blyp.framework */ = {isa = PBXFileReference; explicitFileType = wrapper.framework; includeInIndex = 0; path = Pods_blyp.framework; sourceTree = BUILT_PRODUCTS_DIR; };
		C41230C33B63CCD6F48AD468 /* Pods_blyp_blypUITests.framework */ = {isa = PBXFileReference; explicitFileType = wrapper.framework; includeInIndex = 0; path = Pods_blyp_blypUITests.framework; sourceTree = BUILT_PRODUCTS_DIR; };
		F41B594E8EBA3DA043DBEA53 /* Pods-blypTests.release.xcconfig */ = {isa = PBXFileReference; includeInIndex = 1; lastKnownFileType = text.xcconfig; name = "Pods-blypTests.release.xcconfig"; path = "Target Support Files/Pods-blypTests/Pods-blypTests.release.xcconfig"; sourceTree = "<group>"; };
/* End PBXFileReference section */

/* Begin PBXFrameworksBuildPhase section */
		C0FE9D7923E4F20E004C4621 /* Frameworks */ = {
			isa = PBXFrameworksBuildPhase;
			buildActionMask = 2147483647;
			files = (
				2C16E7682C85C9369C903590 /* Pods_blyp.framework in Frameworks */,
			);
			runOnlyForDeploymentPostprocessing = 0;
		};
		C0FE9D8F23E4F213004C4621 /* Frameworks */ = {
			isa = PBXFrameworksBuildPhase;
			buildActionMask = 2147483647;
			files = (
				C3448368F4A1B16F7A5319A7 /* Pods_blypTests.framework in Frameworks */,
			);
			runOnlyForDeploymentPostprocessing = 0;
		};
		C0FE9D9A23E4F213004C4621 /* Frameworks */ = {
			isa = PBXFrameworksBuildPhase;
			buildActionMask = 2147483647;
			files = (
				A3DCEF6C470EE3742D3A4E68 /* Pods_blyp_blypUITests.framework in Frameworks */,
			);
			runOnlyForDeploymentPostprocessing = 0;
		};
/* End PBXFrameworksBuildPhase section */

/* Begin PBXGroup section */
		0E45610ECF8BBDA2BD62D3D3 /* Pods */ = {
			isa = PBXGroup;
			children = (
				10FD1CD1C0CFAF9EB2F40B06 /* Pods-blyp.debug.xcconfig */,
				6594297CD654DE929D10E0A3 /* Pods-blyp.release.xcconfig */,
				AEEA79E61E3E615398E53259 /* Pods-blyp-blypUITests.debug.xcconfig */,
				2075117933ECDF03E5CEEE1E /* Pods-blyp-blypUITests.release.xcconfig */,
				4A06EDD1D3171908202C1F5F /* Pods-blypTests.debug.xcconfig */,
				F41B594E8EBA3DA043DBEA53 /* Pods-blypTests.release.xcconfig */,
			);
			path = Pods;
			sourceTree = "<group>";
		};
		C07A2E7F2400AD39004BB749 /* SignInWithAppleFirebase */ = {
			isa = PBXGroup;
			children = (
				C07A2ED52400B2B5004BB749 /* SignInWithAppleToFirebase.swift */,
				C07A2EC52400B29D004BB749 /* Keychain.swift */,
				C07A2EC72400B2A7004BB749 /* SharedWebCredential.swift */,
				C07A2EC62400B2A2004BB749 /* UserData.swift */,
				C07A2EC82400B2AC004BB749 /* UserDataKeychain.swift */,
			);
			path = SignInWithAppleFirebase;
			sourceTree = "<group>";
		};
		C0FE9D7323E4F20E004C4621 = {
			isa = PBXGroup;
			children = (
				C0FE9D7E23E4F20E004C4621 /* blyp */,
				C0FE9D9523E4F213004C4621 /* blypTests */,
				C0FE9DA023E4F213004C4621 /* blypUITests */,
				C0FE9D7D23E4F20E004C4621 /* Products */,
				0E45610ECF8BBDA2BD62D3D3 /* Pods */,
				F8D6CAB1C3F782099F799B6F /* Frameworks */,
			);
			sourceTree = "<group>";
		};
		C0FE9D7D23E4F20E004C4621 /* Products */ = {
			isa = PBXGroup;
			children = (
				C0FE9D7C23E4F20E004C4621 /* blyp.app */,
				C0FE9D9223E4F213004C4621 /* blypTests.xctest */,
				C0FE9D9D23E4F213004C4621 /* blypUITests.xctest */,
			);
			name = Products;
			sourceTree = "<group>";
		};
		C0FE9D7E23E4F20E004C4621 /* blyp */ = {
			isa = PBXGroup;
			children = (
				C07A2EAC2400AE29004BB749 /* blyp.entitlements */,
				C07A2E7F2400AD39004BB749 /* SignInWithAppleFirebase */,
				C0FE9D7F23E4F20F004C4621 /* AppDelegate.swift */,
				C0FE9D8123E4F20F004C4621 /* SceneDelegate.swift */,
				C0FE9D8323E4F20F004C4621 /* ContentView.swift */,
				C0FE9D8523E4F213004C4621 /* Assets.xcassets */,
				C0FE9D8A23E4F213004C4621 /* LaunchScreen.storyboard */,
				C0FE9D8D23E4F213004C4621 /* Info.plist */,
				C07A2E772400AC85004BB749 /* GoogleService-Info.plist */,
				C0FE9D8723E4F213004C4621 /* Preview Content */,
			);
			path = blyp;
			sourceTree = "<group>";
		};
		C0FE9D8723E4F213004C4621 /* Preview Content */ = {
			isa = PBXGroup;
			children = (
				C0FE9D8823E4F213004C4621 /* Preview Assets.xcassets */,
			);
			path = "Preview Content";
			sourceTree = "<group>";
		};
		C0FE9D9523E4F213004C4621 /* blypTests */ = {
			isa = PBXGroup;
			children = (
				C0FE9D9623E4F213004C4621 /* blypTests.swift */,
				C0FE9D9823E4F213004C4621 /* Info.plist */,
			);
			path = blypTests;
			sourceTree = "<group>";
		};
		C0FE9DA023E4F213004C4621 /* blypUITests */ = {
			isa = PBXGroup;
			children = (
				C0FE9DA123E4F213004C4621 /* blypUITests.swift */,
				C0FE9DA323E4F213004C4621 /* Info.plist */,
			);
			path = blypUITests;
			sourceTree = "<group>";
		};
		F8D6CAB1C3F782099F799B6F /* Frameworks */ = {
			isa = PBXGroup;
			children = (
				C370876C77CF357C5C60A52C /* Pods_blyp.framework */,
				C41230C33B63CCD6F48AD468 /* Pods_blyp_blypUITests.framework */,
				4E1AC3866A4C591EA129B7E0 /* Pods_blypTests.framework */,
			);
			name = Frameworks;
			sourceTree = "<group>";
		};
/* End PBXGroup section */

/* Begin PBXNativeTarget section */
		C0FE9D7B23E4F20E004C4621 /* blyp */ = {
			isa = PBXNativeTarget;
			buildConfigurationList = C0FE9DA623E4F213004C4621 /* Build configuration list for PBXNativeTarget "blyp" */;
			buildPhases = (
				FE51DB155EB20FC2C2DD55D5 /* [CP] Check Pods Manifest.lock */,
				C0FE9D7823E4F20E004C4621 /* Sources */,
				C0FE9D7923E4F20E004C4621 /* Frameworks */,
				C0FE9D7A23E4F20E004C4621 /* Resources */,
				3B70F3CAAA2296B27A70D82F /* [CP] Embed Pods Frameworks */,
			);
			buildRules = (
			);
			dependencies = (
			);
			name = blyp;
			productName = blyp;
			productReference = C0FE9D7C23E4F20E004C4621 /* blyp.app */;
			productType = "com.apple.product-type.application";
		};
		C0FE9D9123E4F213004C4621 /* blypTests */ = {
			isa = PBXNativeTarget;
			buildConfigurationList = C0FE9DA923E4F213004C4621 /* Build configuration list for PBXNativeTarget "blypTests" */;
			buildPhases = (
				A610E51F966E88178B6D49BE /* [CP] Check Pods Manifest.lock */,
				C0FE9D8E23E4F213004C4621 /* Sources */,
				C0FE9D8F23E4F213004C4621 /* Frameworks */,
				C0FE9D9023E4F213004C4621 /* Resources */,
			);
			buildRules = (
			);
			dependencies = (
				C0FE9D9423E4F213004C4621 /* PBXTargetDependency */,
			);
			name = blypTests;
			productName = blypTests;
			productReference = C0FE9D9223E4F213004C4621 /* blypTests.xctest */;
			productType = "com.apple.product-type.bundle.unit-test";
		};
		C0FE9D9C23E4F213004C4621 /* blypUITests */ = {
			isa = PBXNativeTarget;
			buildConfigurationList = C0FE9DAC23E4F213004C4621 /* Build configuration list for PBXNativeTarget "blypUITests" */;
			buildPhases = (
				FAC7AC3D199D55A6100111D6 /* [CP] Check Pods Manifest.lock */,
				C0FE9D9923E4F213004C4621 /* Sources */,
				C0FE9D9A23E4F213004C4621 /* Frameworks */,
				C0FE9D9B23E4F213004C4621 /* Resources */,
				87E28454D28B3D3961690758 /* [CP] Embed Pods Frameworks */,
			);
			buildRules = (
			);
			dependencies = (
				C0FE9D9F23E4F213004C4621 /* PBXTargetDependency */,
			);
			name = blypUITests;
			productName = blypUITests;
			productReference = C0FE9D9D23E4F213004C4621 /* blypUITests.xctest */;
			productType = "com.apple.product-type.bundle.ui-testing";
		};
/* End PBXNativeTarget section */

/* Begin PBXProject section */
		C0FE9D7423E4F20E004C4621 /* Project object */ = {
			isa = PBXProject;
			attributes = {
				LastSwiftUpdateCheck = 1130;
				LastUpgradeCheck = 1130;
				ORGANIZATIONNAME = "Team Sonar";
				TargetAttributes = {
					C0FE9D7B23E4F20E004C4621 = {
						CreatedOnToolsVersion = 11.3.1;
					};
					C0FE9D9123E4F213004C4621 = {
						CreatedOnToolsVersion = 11.3.1;
						TestTargetID = C0FE9D7B23E4F20E004C4621;
					};
					C0FE9D9C23E4F213004C4621 = {
						CreatedOnToolsVersion = 11.3.1;
						TestTargetID = C0FE9D7B23E4F20E004C4621;
					};
				};
			};
			buildConfigurationList = C0FE9D7723E4F20E004C4621 /* Build configuration list for PBXProject "blyp" */;
			compatibilityVersion = "Xcode 9.3";
			developmentRegion = en;
			hasScannedForEncodings = 0;
			knownRegions = (
				en,
				Base,
			);
			mainGroup = C0FE9D7323E4F20E004C4621;
			productRefGroup = C0FE9D7D23E4F20E004C4621 /* Products */;
			projectDirPath = "";
			projectRoot = "";
			targets = (
				C0FE9D7B23E4F20E004C4621 /* blyp */,
				C0FE9D9123E4F213004C4621 /* blypTests */,
				C0FE9D9C23E4F213004C4621 /* blypUITests */,
			);
		};
/* End PBXProject section */

/* Begin PBXResourcesBuildPhase section */
		C0FE9D7A23E4F20E004C4621 /* Resources */ = {
			isa = PBXResourcesBuildPhase;
			buildActionMask = 2147483647;
			files = (
				C0FE9D8C23E4F213004C4621 /* LaunchScreen.storyboard in Resources */,
				C07A2E782400AC85004BB749 /* GoogleService-Info.plist in Resources */,
				C0FE9D8923E4F213004C4621 /* Preview Assets.xcassets in Resources */,
				C0FE9D8623E4F213004C4621 /* Assets.xcassets in Resources */,
			);
			runOnlyForDeploymentPostprocessing = 0;
		};
		C0FE9D9023E4F213004C4621 /* Resources */ = {
			isa = PBXResourcesBuildPhase;
			buildActionMask = 2147483647;
			files = (
				C07A2E792400AC85004BB749 /* GoogleService-Info.plist in Resources */,
			);
			runOnlyForDeploymentPostprocessing = 0;
		};
		C0FE9D9B23E4F213004C4621 /* Resources */ = {
			isa = PBXResourcesBuildPhase;
			buildActionMask = 2147483647;
			files = (
				C07A2E7A2400AC85004BB749 /* GoogleService-Info.plist in Resources */,
			);
			runOnlyForDeploymentPostprocessing = 0;
		};
/* End PBXResourcesBuildPhase section */

/* Begin PBXShellScriptBuildPhase section */
		3B70F3CAAA2296B27A70D82F /* [CP] Embed Pods Frameworks */ = {
			isa = PBXShellScriptBuildPhase;
			buildActionMask = 2147483647;
			files = (
			);
			inputFileListPaths = (
				"${PODS_ROOT}/Target Support Files/Pods-blyp/Pods-blyp-frameworks-${CONFIGURATION}-input-files.xcfilelist",
			);
			name = "[CP] Embed Pods Frameworks";
			outputFileListPaths = (
				"${PODS_ROOT}/Target Support Files/Pods-blyp/Pods-blyp-frameworks-${CONFIGURATION}-output-files.xcfilelist",
			);
			runOnlyForDeploymentPostprocessing = 0;
			shellPath = /bin/sh;
			shellScript = "\"${PODS_ROOT}/Target Support Files/Pods-blyp/Pods-blyp-frameworks.sh\"\n";
			showEnvVarsInLog = 0;
		};
		87E28454D28B3D3961690758 /* [CP] Embed Pods Frameworks */ = {
			isa = PBXShellScriptBuildPhase;
			buildActionMask = 2147483647;
			files = (
			);
			inputFileListPaths = (
				"${PODS_ROOT}/Target Support Files/Pods-blyp-blypUITests/Pods-blyp-blypUITests-frameworks-${CONFIGURATION}-input-files.xcfilelist",
			);
			name = "[CP] Embed Pods Frameworks";
			outputFileListPaths = (
				"${PODS_ROOT}/Target Support Files/Pods-blyp-blypUITests/Pods-blyp-blypUITests-frameworks-${CONFIGURATION}-output-files.xcfilelist",
			);
			runOnlyForDeploymentPostprocessing = 0;
			shellPath = /bin/sh;
			shellScript = "\"${PODS_ROOT}/Target Support Files/Pods-blyp-blypUITests/Pods-blyp-blypUITests-frameworks.sh\"\n";
			showEnvVarsInLog = 0;
		};
		A610E51F966E88178B6D49BE /* [CP] Check Pods Manifest.lock */ = {
			isa = PBXShellScriptBuildPhase;
			buildActionMask = 2147483647;
			files = (
			);
			inputFileListPaths = (
			);
			inputPaths = (
				"${PODS_PODFILE_DIR_PATH}/Podfile.lock",
				"${PODS_ROOT}/Manifest.lock",
			);
			name = "[CP] Check Pods Manifest.lock";
			outputFileListPaths = (
			);
			outputPaths = (
				"$(DERIVED_FILE_DIR)/Pods-blypTests-checkManifestLockResult.txt",
			);
			runOnlyForDeploymentPostprocessing = 0;
			shellPath = /bin/sh;
			shellScript = "diff \"${PODS_PODFILE_DIR_PATH}/Podfile.lock\" \"${PODS_ROOT}/Manifest.lock\" > /dev/null\nif [ $? != 0 ] ; then\n    # print error to STDERR\n    echo \"error: The sandbox is not in sync with the Podfile.lock. Run 'pod install' or update your CocoaPods installation.\" >&2\n    exit 1\nfi\n# This output is used by Xcode 'outputs' to avoid re-running this script phase.\necho \"SUCCESS\" > \"${SCRIPT_OUTPUT_FILE_0}\"\n";
			showEnvVarsInLog = 0;
		};
		FAC7AC3D199D55A6100111D6 /* [CP] Check Pods Manifest.lock */ = {
			isa = PBXShellScriptBuildPhase;
			buildActionMask = 2147483647;
			files = (
			);
			inputFileListPaths = (
			);
			inputPaths = (
				"${PODS_PODFILE_DIR_PATH}/Podfile.lock",
				"${PODS_ROOT}/Manifest.lock",
			);
			name = "[CP] Check Pods Manifest.lock";
			outputFileListPaths = (
			);
			outputPaths = (
				"$(DERIVED_FILE_DIR)/Pods-blyp-blypUITests-checkManifestLockResult.txt",
			);
			runOnlyForDeploymentPostprocessing = 0;
			shellPath = /bin/sh;
			shellScript = "diff \"${PODS_PODFILE_DIR_PATH}/Podfile.lock\" \"${PODS_ROOT}/Manifest.lock\" > /dev/null\nif [ $? != 0 ] ; then\n    # print error to STDERR\n    echo \"error: The sandbox is not in sync with the Podfile.lock. Run 'pod install' or update your CocoaPods installation.\" >&2\n    exit 1\nfi\n# This output is used by Xcode 'outputs' to avoid re-running this script phase.\necho \"SUCCESS\" > \"${SCRIPT_OUTPUT_FILE_0}\"\n";
			showEnvVarsInLog = 0;
		};
		FE51DB155EB20FC2C2DD55D5 /* [CP] Check Pods Manifest.lock */ = {
			isa = PBXShellScriptBuildPhase;
			buildActionMask = 2147483647;
			files = (
			);
			inputFileListPaths = (
			);
			inputPaths = (
				"${PODS_PODFILE_DIR_PATH}/Podfile.lock",
				"${PODS_ROOT}/Manifest.lock",
			);
			name = "[CP] Check Pods Manifest.lock";
			outputFileListPaths = (
			);
			outputPaths = (
				"$(DERIVED_FILE_DIR)/Pods-blyp-checkManifestLockResult.txt",
			);
			runOnlyForDeploymentPostprocessing = 0;
			shellPath = /bin/sh;
			shellScript = "diff \"${PODS_PODFILE_DIR_PATH}/Podfile.lock\" \"${PODS_ROOT}/Manifest.lock\" > /dev/null\nif [ $? != 0 ] ; then\n    # print error to STDERR\n    echo \"error: The sandbox is not in sync with the Podfile.lock. Run 'pod install' or update your CocoaPods installation.\" >&2\n    exit 1\nfi\n# This output is used by Xcode 'outputs' to avoid re-running this script phase.\necho \"SUCCESS\" > \"${SCRIPT_OUTPUT_FILE_0}\"\n";
			showEnvVarsInLog = 0;
		};
/* End PBXShellScriptBuildPhase section */

/* Begin PBXSourcesBuildPhase section */
		C0FE9D7823E4F20E004C4621 /* Sources */ = {
			isa = PBXSourcesBuildPhase;
			buildActionMask = 2147483647;
			files = (
				C07A2ED62400B2B5004BB749 /* SignInWithAppleToFirebase.swift in Sources */,
				C07A2ECC2400B2AC004BB749 /* UserData.swift in Sources */,
				C0FE9D8023E4F20F004C4621 /* AppDelegate.swift in Sources */,
				C07A2ECF2400B2AC004BB749 /* SharedWebCredential.swift in Sources */,
				C0FE9D8223E4F20F004C4621 /* SceneDelegate.swift in Sources */,
				C0FE9D8423E4F20F004C4621 /* ContentView.swift in Sources */,
				C07A2ED22400B2AC004BB749 /* UserDataKeychain.swift in Sources */,
				C07A2EC92400B2AC004BB749 /* Keychain.swift in Sources */,
			);
			runOnlyForDeploymentPostprocessing = 0;
		};
		C0FE9D8E23E4F213004C4621 /* Sources */ = {
			isa = PBXSourcesBuildPhase;
			buildActionMask = 2147483647;
			files = (
				C0FE9D9723E4F213004C4621 /* blypTests.swift in Sources */,
				C07A2ED72400B2B5004BB749 /* SignInWithAppleToFirebase.swift in Sources */,
				C07A2ECD2400B2AC004BB749 /* UserData.swift in Sources */,
				C07A2ECA2400B2AC004BB749 /* Keychain.swift in Sources */,
				C07A2ED32400B2AC004BB749 /* UserDataKeychain.swift in Sources */,
				C07A2ED02400B2AC004BB749 /* SharedWebCredential.swift in Sources */,
			);
			runOnlyForDeploymentPostprocessing = 0;
		};
		C0FE9D9923E4F213004C4621 /* Sources */ = {
			isa = PBXSourcesBuildPhase;
			buildActionMask = 2147483647;
			files = (
				C0FE9DA223E4F213004C4621 /* blypUITests.swift in Sources */,
				C07A2ED82400B2B5004BB749 /* SignInWithAppleToFirebase.swift in Sources */,
				C07A2ECE2400B2AC004BB749 /* UserData.swift in Sources */,
				C07A2ECB2400B2AC004BB749 /* Keychain.swift in Sources */,
				C07A2ED42400B2AC004BB749 /* UserDataKeychain.swift in Sources */,
				C07A2ED12400B2AC004BB749 /* SharedWebCredential.swift in Sources */,
			);
			runOnlyForDeploymentPostprocessing = 0;
		};
/* End PBXSourcesBuildPhase section */

/* Begin PBXTargetDependency section */
		C0FE9D9423E4F213004C4621 /* PBXTargetDependency */ = {
			isa = PBXTargetDependency;
			target = C0FE9D7B23E4F20E004C4621 /* blyp */;
			targetProxy = C0FE9D9323E4F213004C4621 /* PBXContainerItemProxy */;
		};
		C0FE9D9F23E4F213004C4621 /* PBXTargetDependency */ = {
			isa = PBXTargetDependency;
			target = C0FE9D7B23E4F20E004C4621 /* blyp */;
			targetProxy = C0FE9D9E23E4F213004C4621 /* PBXContainerItemProxy */;
		};
/* End PBXTargetDependency section */

/* Begin PBXVariantGroup section */
		C0FE9D8A23E4F213004C4621 /* LaunchScreen.storyboard */ = {
			isa = PBXVariantGroup;
			children = (
				C0FE9D8B23E4F213004C4621 /* Base */,
			);
			name = LaunchScreen.storyboard;
			sourceTree = "<group>";
		};
/* End PBXVariantGroup section */

/* Begin XCBuildConfiguration section */
		C0FE9DA423E4F213004C4621 /* Debug */ = {
			isa = XCBuildConfiguration;
			buildSettings = {
				ALWAYS_SEARCH_USER_PATHS = NO;
				CLANG_ANALYZER_NONNULL = YES;
				CLANG_ANALYZER_NUMBER_OBJECT_CONVERSION = YES_AGGRESSIVE;
				CLANG_CXX_LANGUAGE_STANDARD = "gnu++14";
				CLANG_CXX_LIBRARY = "libc++";
				CLANG_ENABLE_MODULES = YES;
				CLANG_ENABLE_OBJC_ARC = YES;
				CLANG_ENABLE_OBJC_WEAK = YES;
				CLANG_WARN_BLOCK_CAPTURE_AUTORELEASING = YES;
				CLANG_WARN_BOOL_CONVERSION = YES;
				CLANG_WARN_COMMA = YES;
				CLANG_WARN_CONSTANT_CONVERSION = YES;
				CLANG_WARN_DEPRECATED_OBJC_IMPLEMENTATIONS = YES;
				CLANG_WARN_DIRECT_OBJC_ISA_USAGE = YES_ERROR;
				CLANG_WARN_DOCUMENTATION_COMMENTS = YES;
				CLANG_WARN_EMPTY_BODY = YES;
				CLANG_WARN_ENUM_CONVERSION = YES;
				CLANG_WARN_INFINITE_RECURSION = YES;
				CLANG_WARN_INT_CONVERSION = YES;
				CLANG_WARN_NON_LITERAL_NULL_CONVERSION = YES;
				CLANG_WARN_OBJC_IMPLICIT_RETAIN_SELF = YES;
				CLANG_WARN_OBJC_LITERAL_CONVERSION = YES;
				CLANG_WARN_OBJC_ROOT_CLASS = YES_ERROR;
				CLANG_WARN_RANGE_LOOP_ANALYSIS = YES;
				CLANG_WARN_STRICT_PROTOTYPES = YES;
				CLANG_WARN_SUSPICIOUS_MOVE = YES;
				CLANG_WARN_UNGUARDED_AVAILABILITY = YES_AGGRESSIVE;
				CLANG_WARN_UNREACHABLE_CODE = YES;
				CLANG_WARN__DUPLICATE_METHOD_MATCH = YES;
				COPY_PHASE_STRIP = NO;
				DEBUG_INFORMATION_FORMAT = dwarf;
				ENABLE_STRICT_OBJC_MSGSEND = YES;
				ENABLE_TESTABILITY = YES;
				GCC_C_LANGUAGE_STANDARD = gnu11;
				GCC_DYNAMIC_NO_PIC = NO;
				GCC_NO_COMMON_BLOCKS = YES;
				GCC_OPTIMIZATION_LEVEL = 0;
				GCC_PREPROCESSOR_DEFINITIONS = (
					"DEBUG=1",
					"$(inherited)",
				);
				GCC_WARN_64_TO_32_BIT_CONVERSION = YES;
				GCC_WARN_ABOUT_RETURN_TYPE = YES_ERROR;
				GCC_WARN_UNDECLARED_SELECTOR = YES;
				GCC_WARN_UNINITIALIZED_AUTOS = YES_AGGRESSIVE;
				GCC_WARN_UNUSED_FUNCTION = YES;
				GCC_WARN_UNUSED_VARIABLE = YES;
				IPHONEOS_DEPLOYMENT_TARGET = 13.2;
				MTL_ENABLE_DEBUG_INFO = INCLUDE_SOURCE;
				MTL_FAST_MATH = YES;
				ONLY_ACTIVE_ARCH = YES;
				SDKROOT = iphoneos;
				SWIFT_ACTIVE_COMPILATION_CONDITIONS = DEBUG;
				SWIFT_OPTIMIZATION_LEVEL = "-Onone";
			};
			name = Debug;
		};
		C0FE9DA523E4F213004C4621 /* Release */ = {
			isa = XCBuildConfiguration;
			buildSettings = {
				ALWAYS_SEARCH_USER_PATHS = NO;
				CLANG_ANALYZER_NONNULL = YES;
				CLANG_ANALYZER_NUMBER_OBJECT_CONVERSION = YES_AGGRESSIVE;
				CLANG_CXX_LANGUAGE_STANDARD = "gnu++14";
				CLANG_CXX_LIBRARY = "libc++";
				CLANG_ENABLE_MODULES = YES;
				CLANG_ENABLE_OBJC_ARC = YES;
				CLANG_ENABLE_OBJC_WEAK = YES;
				CLANG_WARN_BLOCK_CAPTURE_AUTORELEASING = YES;
				CLANG_WARN_BOOL_CONVERSION = YES;
				CLANG_WARN_COMMA = YES;
				CLANG_WARN_CONSTANT_CONVERSION = YES;
				CLANG_WARN_DEPRECATED_OBJC_IMPLEMENTATIONS = YES;
				CLANG_WARN_DIRECT_OBJC_ISA_USAGE = YES_ERROR;
				CLANG_WARN_DOCUMENTATION_COMMENTS = YES;
				CLANG_WARN_EMPTY_BODY = YES;
				CLANG_WARN_ENUM_CONVERSION = YES;
				CLANG_WARN_INFINITE_RECURSION = YES;
				CLANG_WARN_INT_CONVERSION = YES;
				CLANG_WARN_NON_LITERAL_NULL_CONVERSION = YES;
				CLANG_WARN_OBJC_IMPLICIT_RETAIN_SELF = YES;
				CLANG_WARN_OBJC_LITERAL_CONVERSION = YES;
				CLANG_WARN_OBJC_ROOT_CLASS = YES_ERROR;
				CLANG_WARN_RANGE_LOOP_ANALYSIS = YES;
				CLANG_WARN_STRICT_PROTOTYPES = YES;
				CLANG_WARN_SUSPICIOUS_MOVE = YES;
				CLANG_WARN_UNGUARDED_AVAILABILITY = YES_AGGRESSIVE;
				CLANG_WARN_UNREACHABLE_CODE = YES;
				CLANG_WARN__DUPLICATE_METHOD_MATCH = YES;
				COPY_PHASE_STRIP = NO;
				DEBUG_INFORMATION_FORMAT = "dwarf-with-dsym";
				ENABLE_NS_ASSERTIONS = NO;
				ENABLE_STRICT_OBJC_MSGSEND = YES;
				GCC_C_LANGUAGE_STANDARD = gnu11;
				GCC_NO_COMMON_BLOCKS = YES;
				GCC_WARN_64_TO_32_BIT_CONVERSION = YES;
				GCC_WARN_ABOUT_RETURN_TYPE = YES_ERROR;
				GCC_WARN_UNDECLARED_SELECTOR = YES;
				GCC_WARN_UNINITIALIZED_AUTOS = YES_AGGRESSIVE;
				GCC_WARN_UNUSED_FUNCTION = YES;
				GCC_WARN_UNUSED_VARIABLE = YES;
				IPHONEOS_DEPLOYMENT_TARGET = 13.2;
				MTL_ENABLE_DEBUG_INFO = NO;
				MTL_FAST_MATH = YES;
				SDKROOT = iphoneos;
				SWIFT_COMPILATION_MODE = wholemodule;
				SWIFT_OPTIMIZATION_LEVEL = "-O";
				VALIDATE_PRODUCT = YES;
			};
			name = Release;
		};
		C0FE9DA723E4F213004C4621 /* Debug */ = {
			isa = XCBuildConfiguration;
			baseConfigurationReference = 10FD1CD1C0CFAF9EB2F40B06 /* Pods-blyp.debug.xcconfig */;
			buildSettings = {
				ASSETCATALOG_COMPILER_APPICON_NAME = AppIcon;
				CODE_SIGN_ENTITLEMENTS = blyp/blyp.entitlements;
				CODE_SIGN_STYLE = Automatic;
				DEVELOPMENT_ASSET_PATHS = "\"blyp/Preview Content\"";
				DEVELOPMENT_TEAM = K4M2TD6G2A;
				ENABLE_PREVIEWS = YES;
				INFOPLIST_FILE = blyp/Info.plist;
				LD_RUNPATH_SEARCH_PATHS = (
					"$(inherited)",
					"@executable_path/Frameworks",
				);
				PRODUCT_BUNDLE_IDENTIFIER = info.blyp.blyp;
				PRODUCT_NAME = "$(TARGET_NAME)";
				SWIFT_VERSION = 5.0;
				TARGETED_DEVICE_FAMILY = "1,2";
			};
			name = Debug;
		};
		C0FE9DA823E4F213004C4621 /* Release */ = {
			isa = XCBuildConfiguration;
			baseConfigurationReference = 6594297CD654DE929D10E0A3 /* Pods-blyp.release.xcconfig */;
			buildSettings = {
				ASSETCATALOG_COMPILER_APPICON_NAME = AppIcon;
				CODE_SIGN_ENTITLEMENTS = blyp/blyp.entitlements;
				CODE_SIGN_STYLE = Automatic;
				DEVELOPMENT_ASSET_PATHS = "\"blyp/Preview Content\"";
				DEVELOPMENT_TEAM = K4M2TD6G2A;
				ENABLE_PREVIEWS = YES;
				INFOPLIST_FILE = blyp/Info.plist;
				LD_RUNPATH_SEARCH_PATHS = (
					"$(inherited)",
					"@executable_path/Frameworks",
				);
				PRODUCT_BUNDLE_IDENTIFIER = info.blyp.blyp;
				PRODUCT_NAME = "$(TARGET_NAME)";
				SWIFT_VERSION = 5.0;
				TARGETED_DEVICE_FAMILY = "1,2";
			};
			name = Release;
		};
		C0FE9DAA23E4F213004C4621 /* Debug */ = {
			isa = XCBuildConfiguration;
			baseConfigurationReference = 4A06EDD1D3171908202C1F5F /* Pods-blypTests.debug.xcconfig */;
			buildSettings = {
				ALWAYS_EMBED_SWIFT_STANDARD_LIBRARIES = YES;
				BUNDLE_LOADER = "$(TEST_HOST)";
				CODE_SIGN_STYLE = Automatic;
				DEVELOPMENT_TEAM = K4M2TD6G2A;
				INFOPLIST_FILE = blypTests/Info.plist;
				IPHONEOS_DEPLOYMENT_TARGET = 13.2;
				LD_RUNPATH_SEARCH_PATHS = (
					"$(inherited)",
					"@executable_path/Frameworks",
					"@loader_path/Frameworks",
				);
				PRODUCT_BUNDLE_IDENTIFIER = info.blyp.blypTests;
				PRODUCT_NAME = "$(TARGET_NAME)";
				SWIFT_VERSION = 5.0;
				TARGETED_DEVICE_FAMILY = "1,2";
				TEST_HOST = "$(BUILT_PRODUCTS_DIR)/blyp.app/blyp";
			};
			name = Debug;
		};
		C0FE9DAB23E4F213004C4621 /* Release */ = {
			isa = XCBuildConfiguration;
			baseConfigurationReference = F41B594E8EBA3DA043DBEA53 /* Pods-blypTests.release.xcconfig */;
			buildSettings = {
				ALWAYS_EMBED_SWIFT_STANDARD_LIBRARIES = YES;
				BUNDLE_LOADER = "$(TEST_HOST)";
				CODE_SIGN_STYLE = Automatic;
				DEVELOPMENT_TEAM = K4M2TD6G2A;
				INFOPLIST_FILE = blypTests/Info.plist;
				IPHONEOS_DEPLOYMENT_TARGET = 13.2;
				LD_RUNPATH_SEARCH_PATHS = (
					"$(inherited)",
					"@executable_path/Frameworks",
					"@loader_path/Frameworks",
				);
				PRODUCT_BUNDLE_IDENTIFIER = info.blyp.blypTests;
				PRODUCT_NAME = "$(TARGET_NAME)";
				SWIFT_VERSION = 5.0;
				TARGETED_DEVICE_FAMILY = "1,2";
				TEST_HOST = "$(BUILT_PRODUCTS_DIR)/blyp.app/blyp";
			};
			name = Release;
		};
		C0FE9DAD23E4F213004C4621 /* Debug */ = {
			isa = XCBuildConfiguration;
			baseConfigurationReference = AEEA79E61E3E615398E53259 /* Pods-blyp-blypUITests.debug.xcconfig */;
			buildSettings = {
				ALWAYS_EMBED_SWIFT_STANDARD_LIBRARIES = YES;
				CODE_SIGN_STYLE = Automatic;
				DEVELOPMENT_TEAM = K4M2TD6G2A;
				INFOPLIST_FILE = blypUITests/Info.plist;
				LD_RUNPATH_SEARCH_PATHS = (
					"$(inherited)",
					"@executable_path/Frameworks",
					"@loader_path/Frameworks",
				);
				PRODUCT_BUNDLE_IDENTIFIER = info.blyp.blypUITests;
				PRODUCT_NAME = "$(TARGET_NAME)";
				SWIFT_VERSION = 5.0;
				TARGETED_DEVICE_FAMILY = "1,2";
				TEST_TARGET_NAME = blyp;
			};
			name = Debug;
		};
		C0FE9DAE23E4F213004C4621 /* Release */ = {
			isa = XCBuildConfiguration;
			baseConfigurationReference = 2075117933ECDF03E5CEEE1E /* Pods-blyp-blypUITests.release.xcconfig */;
			buildSettings = {
				ALWAYS_EMBED_SWIFT_STANDARD_LIBRARIES = YES;
				CODE_SIGN_STYLE = Automatic;
				DEVELOPMENT_TEAM = K4M2TD6G2A;
				INFOPLIST_FILE = blypUITests/Info.plist;
				LD_RUNPATH_SEARCH_PATHS = (
					"$(inherited)",
					"@executable_path/Frameworks",
					"@loader_path/Frameworks",
				);
				PRODUCT_BUNDLE_IDENTIFIER = info.blyp.blypUITests;
				PRODUCT_NAME = "$(TARGET_NAME)";
				SWIFT_VERSION = 5.0;
				TARGETED_DEVICE_FAMILY = "1,2";
				TEST_TARGET_NAME = blyp;
			};
			name = Release;
		};
/* End XCBuildConfiguration section */

/* Begin XCConfigurationList section */
		C0FE9D7723E4F20E004C4621 /* Build configuration list for PBXProject "blyp" */ = {
			isa = XCConfigurationList;
			buildConfigurations = (
				C0FE9DA423E4F213004C4621 /* Debug */,
				C0FE9DA523E4F213004C4621 /* Release */,
			);
			defaultConfigurationIsVisible = 0;
			defaultConfigurationName = Release;
		};
		C0FE9DA623E4F213004C4621 /* Build configuration list for PBXNativeTarget "blyp" */ = {
			isa = XCConfigurationList;
			buildConfigurations = (
				C0FE9DA723E4F213004C4621 /* Debug */,
				C0FE9DA823E4F213004C4621 /* Release */,
			);
			defaultConfigurationIsVisible = 0;
			defaultConfigurationName = Release;
		};
		C0FE9DA923E4F213004C4621 /* Build configuration list for PBXNativeTarget "blypTests" */ = {
			isa = XCConfigurationList;
			buildConfigurations = (
				C0FE9DAA23E4F213004C4621 /* Debug */,
				C0FE9DAB23E4F213004C4621 /* Release */,
			);
			defaultConfigurationIsVisible = 0;
			defaultConfigurationName = Release;
		};
		C0FE9DAC23E4F213004C4621 /* Build configuration list for PBXNativeTarget "blypUITests" */ = {
			isa = XCConfigurationList;
			buildConfigurations = (
				C0FE9DAD23E4F213004C4621 /* Debug */,
				C0FE9DAE23E4F213004C4621 /* Release */,
			);
			defaultConfigurationIsVisible = 0;
			defaultConfigurationName = Release;
		};
/* End XCConfigurationList section */
	};
	rootObject = C0FE9D7423E4F20E004C4621 /* Project object */;
}
